
Microsoft Visual Studio Solution File, Format Version 12.00
# Visual Studio 2013
VisualStudioVersion = 12.0.31101.0
MinimumVisualStudioVersion = 10.0.40219.1
Project("{2150E333-8FDC-42A3-9474-1A3956D46DE8}") = "Data", "Data", "{A72472B5-C9C4-42E0-854F-CB4616679678}"
EndProject
Project("{2150E333-8FDC-42A3-9474-1A3956D46DE8}") = "Services", "Services", "{6E431425-5B2C-4C8B-BE39-C1FF4A14C257}"
EndProject
Project("{2150E333-8FDC-42A3-9474-1A3956D46DE8}") = "Tests", "Tests", "{294F890A-B639-4E28-BC47-36CC81BFAC7F}"
EndProject
Project("{2150E333-8FDC-42A3-9474-1A3956D46DE8}") = "Web", "Web", "{24D854B3-AE8E-4F2E-990A-F9F8D0A98382}"
EndProject
Project("{FAE04EC0-301F-11D3-BF4B-00C04F79EFBC}") = "Achiever.Data", "Achiever.Data\Achiever.Data.csproj", "{7C950CDC-9587-4B65-A204-988EFED17948}"
EndProject
Project("{FAE04EC0-301F-11D3-BF4B-00C04F79EFBC}") = "Achiever.Data.Common", "Achiever.Data.Common\Achiever.Data.Common.csproj", "{EDFE3C57-EF5B-4636-9ECC-D0BACA6B6379}"
EndProject
Project("{FAE04EC0-301F-11D3-BF4B-00C04F79EFBC}") = "Achiever.Services.Data", "Achiever.Services.Data\Achiever.Services.Data.csproj", "{90FE4C4D-122A-406D-8A40-79C561FB8184}"
EndProject
Project("{FAE04EC0-301F-11D3-BF4B-00C04F79EFBC}") = "Achiever.Services.Web", "Achiever.Services.Web\Achiever.Services.Web.csproj", "{DEAB17A2-58C1-448C-8A66-D49C3AF7FC6C}"
EndProject
Project("{2150E333-8FDC-42A3-9474-1A3956D46DE8}") = "Common", "Common", "{56010BAD-18CE-4D9E-8D69-F5DDB9DE55EF}"
EndProject
Project("{FAE04EC0-301F-11D3-BF4B-00C04F79EFBC}") = "Achiever.Web", "Achiever.Web\Achiever.Web.csproj", "{CF746385-B463-40BA-9223-F17E74A9D260}"
EndProject
Project("{FAE04EC0-301F-11D3-BF4B-00C04F79EFBC}") = "Achiever.Web.Infrastructure", "Achiever.Web.Infrastructure\Achiever.Web.Infrastructure.csproj", "{6813DC53-5EEE-4507-8604-5301EE51A0D3}"
EndProject
Project("{FAE04EC0-301F-11D3-BF4B-00C04F79EFBC}") = "Achiever.Common", "Achiever.Common\Achiever.Common.csproj", "{701F322F-AA01-4DDC-90B6-6935981C1E73}"
EndProject
Project("{2150E333-8FDC-42A3-9474-1A3956D46DE8}") = ".nuget", ".nuget", "{50C6F6B3-7894-4504-A052-BB7C5DDE5990}"
	ProjectSection(SolutionItems) = preProject
		.nuget\NuGet.Config = .nuget\NuGet.Config
		.nuget\NuGet.exe = .nuget\NuGet.exe
		.nuget\NuGet.targets = .nuget\NuGet.targets
	EndProjectSection
EndProject
Project("{FAE04EC0-301F-11D3-BF4B-00C04F79EFBC}") = "Achiever.Tests.Services", "Achiever.Tests.Services\Achiever.Tests.Services.csproj", "{8C6604B2-6273-4988-9773-F0CEF04D0DFB}"
EndProject
Project("{FAE04EC0-301F-11D3-BF4B-00C04F79EFBC}") = "Achiever.Tests.Data", "Achiever.Tests.Data\Achiever.Tests.Data.csproj", "{E765AA38-597C-4F9F-92B1-B5F36A49DAC1}"
EndProject
Project("{FAE04EC0-301F-11D3-BF4B-00C04F79EFBC}") = "Achiever.Tests.Web", "Achiever.Tests.Web\Achiever.Tests.Web.csproj", "{1E4E320E-8313-4B97-8467-AD7C824D53DB}"
EndProject
Project("{FAE04EC0-301F-11D3-BF4B-00C04F79EFBC}") = "Achiever.Services.Models", "Achiever.Services.Models\Achiever.Services.Models.csproj", "{97088E18-D090-42C6-82FD-EFDDE0924627}"
EndProject
Project("{FAE04EC0-301F-11D3-BF4B-00C04F79EFBC}") = "Achiever.Common.Models", "Achiever.Common.Models\Achiever.Common.Models.csproj", "{33458650-0FDC-491F-84F4-F70AE90C8DF9}"
EndProject
Project("{FAE04EC0-301F-11D3-BF4B-00C04F79EFBC}") = "Achiever.Tests.Common", "Achiever.Tests.Common\Achiever.Tests.Common.csproj", "{3A4E0969-3CBB-4141-9739-0B48AAD5258F}"
EndProject
Project("{FAE04EC0-301F-11D3-BF4B-00C04F79EFBC}") = "Achiever.Web.Service", "Achiever.Web.Service\Achiever.Web.Service.csproj", "{F25DB8F9-F27A-4B01-B9FF-68CBD2CD9E28}"
EndProject
Project("{FAE04EC0-301F-11D3-BF4B-00C04F79EFBC}") = "Achiever.Web.ViewModels", "Achiever.Web.ViewModels\Achiever.Web.ViewModels.csproj", "{C6730F55-74BE-457A-960A-5DCA7C4F13AC}"
EndProject
Project("{FAE04EC0-301F-11D3-BF4B-00C04F79EFBC}") = "Achiever.Tests.Web.Service", "Achiever.Tests.Web.Service\Achiever.Tests.Web.Service.csproj", "{103DC726-0D40-477A-ABA3-ED1E38F7FED9}"
EndProject
Project("{FAE04EC0-301F-11D3-BF4B-00C04F79EFBC}") = "Achiever.Tests.Web.ViewModels", "Achiever.Tests.Web.ViewModels\Achiever.Tests.Web.ViewModels.csproj", "{B4C8BE64-B061-42AD-867E-6A5344DC4E8C}"
EndProject
Global
	GlobalSection(SolutionConfigurationPlatforms) = preSolution
		Debug|Any CPU = Debug|Any CPU
		Release|Any CPU = Release|Any CPU
	EndGlobalSection
	GlobalSection(ProjectConfigurationPlatforms) = postSolution
		{7C950CDC-9587-4B65-A204-988EFED17948}.Debug|Any CPU.ActiveCfg = Debug|Any CPU
		{7C950CDC-9587-4B65-A204-988EFED17948}.Debug|Any CPU.Build.0 = Debug|Any CPU
		{7C950CDC-9587-4B65-A204-988EFED17948}.Release|Any CPU.ActiveCfg = Release|Any CPU
		{7C950CDC-9587-4B65-A204-988EFED17948}.Release|Any CPU.Build.0 = Release|Any CPU
		{EDFE3C57-EF5B-4636-9ECC-D0BACA6B6379}.Debug|Any CPU.ActiveCfg = Debug|Any CPU
		{EDFE3C57-EF5B-4636-9ECC-D0BACA6B6379}.Debug|Any CPU.Build.0 = Debug|Any CPU
		{EDFE3C57-EF5B-4636-9ECC-D0BACA6B6379}.Release|Any CPU.ActiveCfg = Release|Any CPU
		{EDFE3C57-EF5B-4636-9ECC-D0BACA6B6379}.Release|Any CPU.Build.0 = Release|Any CPU
		{90FE4C4D-122A-406D-8A40-79C561FB8184}.Debug|Any CPU.ActiveCfg = Debug|Any CPU
		{90FE4C4D-122A-406D-8A40-79C561FB8184}.Debug|Any CPU.Build.0 = Debug|Any CPU
		{90FE4C4D-122A-406D-8A40-79C561FB8184}.Release|Any CPU.ActiveCfg = Release|Any CPU
		{90FE4C4D-122A-406D-8A40-79C561FB8184}.Release|Any CPU.Build.0 = Release|Any CPU
		{DEAB17A2-58C1-448C-8A66-D49C3AF7FC6C}.Debug|Any CPU.ActiveCfg = Debug|Any CPU
		{DEAB17A2-58C1-448C-8A66-D49C3AF7FC6C}.Debug|Any CPU.Build.0 = Debug|Any CPU
		{DEAB17A2-58C1-448C-8A66-D49C3AF7FC6C}.Release|Any CPU.ActiveCfg = Release|Any CPU
		{DEAB17A2-58C1-448C-8A66-D49C3AF7FC6C}.Release|Any CPU.Build.0 = Release|Any CPU
		{CF746385-B463-40BA-9223-F17E74A9D260}.Debug|Any CPU.ActiveCfg = Debug|Any CPU
		{CF746385-B463-40BA-9223-F17E74A9D260}.Debug|Any CPU.Build.0 = Debug|Any CPU
		{CF746385-B463-40BA-9223-F17E74A9D260}.Release|Any CPU.ActiveCfg = Release|Any CPU
		{CF746385-B463-40BA-9223-F17E74A9D260}.Release|Any CPU.Build.0 = Release|Any CPU
		{6813DC53-5EEE-4507-8604-5301EE51A0D3}.Debug|Any CPU.ActiveCfg = Debug|Any CPU
		{6813DC53-5EEE-4507-8604-5301EE51A0D3}.Debug|Any CPU.Build.0 = Debug|Any CPU
		{6813DC53-5EEE-4507-8604-5301EE51A0D3}.Release|Any CPU.ActiveCfg = Release|Any CPU
		{6813DC53-5EEE-4507-8604-5301EE51A0D3}.Release|Any CPU.Build.0 = Release|Any CPU
		{701F322F-AA01-4DDC-90B6-6935981C1E73}.Debug|Any CPU.ActiveCfg = Debug|Any CPU
		{701F322F-AA01-4DDC-90B6-6935981C1E73}.Debug|Any CPU.Build.0 = Debug|Any CPU
		{701F322F-AA01-4DDC-90B6-6935981C1E73}.Release|Any CPU.ActiveCfg = Release|Any CPU
		{701F322F-AA01-4DDC-90B6-6935981C1E73}.Release|Any CPU.Build.0 = Release|Any CPU
		{8C6604B2-6273-4988-9773-F0CEF04D0DFB}.Debug|Any CPU.ActiveCfg = Debug|Any CPU
		{8C6604B2-6273-4988-9773-F0CEF04D0DFB}.Debug|Any CPU.Build.0 = Debug|Any CPU
		{8C6604B2-6273-4988-9773-F0CEF04D0DFB}.Release|Any CPU.ActiveCfg = Release|Any CPU
		{8C6604B2-6273-4988-9773-F0CEF04D0DFB}.Release|Any CPU.Build.0 = Release|Any CPU
		{E765AA38-597C-4F9F-92B1-B5F36A49DAC1}.Debug|Any CPU.ActiveCfg = Debug|Any CPU
		{E765AA38-597C-4F9F-92B1-B5F36A49DAC1}.Debug|Any CPU.Build.0 = Debug|Any CPU
		{E765AA38-597C-4F9F-92B1-B5F36A49DAC1}.Release|Any CPU.ActiveCfg = Release|Any CPU
		{E765AA38-597C-4F9F-92B1-B5F36A49DAC1}.Release|Any CPU.Build.0 = Release|Any CPU
		{1E4E320E-8313-4B97-8467-AD7C824D53DB}.Debug|Any CPU.ActiveCfg = Debug|Any CPU
		{1E4E320E-8313-4B97-8467-AD7C824D53DB}.Debug|Any CPU.Build.0 = Debug|Any CPU
		{1E4E320E-8313-4B97-8467-AD7C824D53DB}.Release|Any CPU.ActiveCfg = Release|Any CPU
		{1E4E320E-8313-4B97-8467-AD7C824D53DB}.Release|Any CPU.Build.0 = Release|Any CPU
		{97088E18-D090-42C6-82FD-EFDDE0924627}.Debug|Any CPU.ActiveCfg = Debug|Any CPU
		{97088E18-D090-42C6-82FD-EFDDE0924627}.Debug|Any CPU.Build.0 = Debug|Any CPU
		{97088E18-D090-42C6-82FD-EFDDE0924627}.Release|Any CPU.ActiveCfg = Release|Any CPU
		{97088E18-D090-42C6-82FD-EFDDE0924627}.Release|Any CPU.Build.0 = Release|Any CPU
		{33458650-0FDC-491F-84F4-F70AE90C8DF9}.Debug|Any CPU.ActiveCfg = Debug|Any CPU
		{33458650-0FDC-491F-84F4-F70AE90C8DF9}.Debug|Any CPU.Build.0 = Debug|Any CPU
		{33458650-0FDC-491F-84F4-F70AE90C8DF9}.Release|Any CPU.ActiveCfg = Release|Any CPU
		{33458650-0FDC-491F-84F4-F70AE90C8DF9}.Release|Any CPU.Build.0 = Release|Any CPU
		{3A4E0969-3CBB-4141-9739-0B48AAD5258F}.Debug|Any CPU.ActiveCfg = Debug|Any CPU
		{3A4E0969-3CBB-4141-9739-0B48AAD5258F}.Debug|Any CPU.Build.0 = Debug|Any CPU
		{3A4E0969-3CBB-4141-9739-0B48AAD5258F}.Release|Any CPU.ActiveCfg = Release|Any CPU
		{3A4E0969-3CBB-4141-9739-0B48AAD5258F}.Release|Any CPU.Build.0 = Release|Any CPU
		{F25DB8F9-F27A-4B01-B9FF-68CBD2CD9E28}.Debug|Any CPU.ActiveCfg = Debug|Any CPU
		{F25DB8F9-F27A-4B01-B9FF-68CBD2CD9E28}.Debug|Any CPU.Build.0 = Debug|Any CPU
		{F25DB8F9-F27A-4B01-B9FF-68CBD2CD9E28}.Release|Any CPU.ActiveCfg = Release|Any CPU
		{F25DB8F9-F27A-4B01-B9FF-68CBD2CD9E28}.Release|Any CPU.Build.0 = Release|Any CPU
		{C6730F55-74BE-457A-960A-5DCA7C4F13AC}.Debug|Any CPU.ActiveCfg = Debug|Any CPU
		{C6730F55-74BE-457A-960A-5DCA7C4F13AC}.Debug|Any CPU.Build.0 = Debug|Any CPU
		{C6730F55-74BE-457A-960A-5DCA7C4F13AC}.Release|Any CPU.ActiveCfg = Release|Any CPU
		{C6730F55-74BE-457A-960A-5DCA7C4F13AC}.Release|Any CPU.Build.0 = Release|Any CPU
		{103DC726-0D40-477A-ABA3-ED1E38F7FED9}.Debug|Any CPU.ActiveCfg = Debug|Any CPU
		{103DC726-0D40-477A-ABA3-ED1E38F7FED9}.Debug|Any CPU.Build.0 = Debug|Any CPU
		{103DC726-0D40-477A-ABA3-ED1E38F7FED9}.Release|Any CPU.ActiveCfg = Release|Any CPU
		{103DC726-0D40-477A-ABA3-ED1E38F7FED9}.Release|Any CPU.Build.0 = Release|Any CPU
		{B4C8BE64-B061-42AD-867E-6A5344DC4E8C}.Debug|Any CPU.ActiveCfg = Debug|Any CPU
		{B4C8BE64-B061-42AD-867E-6A5344DC4E8C}.Debug|Any CPU.Build.0 = Debug|Any CPU
		{B4C8BE64-B061-42AD-867E-6A5344DC4E8C}.Release|Any CPU.ActiveCfg = Release|Any CPU
		{B4C8BE64-B061-42AD-867E-6A5344DC4E8C}.Release|Any CPU.Build.0 = Release|Any CPU
	EndGlobalSection
	GlobalSection(SolutionProperties) = preSolution
		HideSolutionNode = FALSE
	EndGlobalSection
	GlobalSection(NestedProjects) = preSolution
		{7C950CDC-9587-4B65-A204-988EFED17948} = {A72472B5-C9C4-42E0-854F-CB4616679678}
		{EDFE3C57-EF5B-4636-9ECC-D0BACA6B6379} = {A72472B5-C9C4-42E0-854F-CB4616679678}
		{90FE4C4D-122A-406D-8A40-79C561FB8184} = {6E431425-5B2C-4C8B-BE39-C1FF4A14C257}
		{DEAB17A2-58C1-448C-8A66-D49C3AF7FC6C} = {6E431425-5B2C-4C8B-BE39-C1FF4A14C257}
		{CF746385-B463-40BA-9223-F17E74A9D260} = {24D854B3-AE8E-4F2E-990A-F9F8D0A98382}
		{6813DC53-5EEE-4507-8604-5301EE51A0D3} = {24D854B3-AE8E-4F2E-990A-F9F8D0A98382}
		{701F322F-AA01-4DDC-90B6-6935981C1E73} = {56010BAD-18CE-4D9E-8D69-F5DDB9DE55EF}
		{8C6604B2-6273-4988-9773-F0CEF04D0DFB} = {294F890A-B639-4E28-BC47-36CC81BFAC7F}
		{E765AA38-597C-4F9F-92B1-B5F36A49DAC1} = {294F890A-B639-4E28-BC47-36CC81BFAC7F}
		{1E4E320E-8313-4B97-8467-AD7C824D53DB} = {294F890A-B639-4E28-BC47-36CC81BFAC7F}
		{97088E18-D090-42C6-82FD-EFDDE0924627} = {6E431425-5B2C-4C8B-BE39-C1FF4A14C257}
		{33458650-0FDC-491F-84F4-F70AE90C8DF9} = {56010BAD-18CE-4D9E-8D69-F5DDB9DE55EF}
		{3A4E0969-3CBB-4141-9739-0B48AAD5258F} = {294F890A-B639-4E28-BC47-36CC81BFAC7F}
		{F25DB8F9-F27A-4B01-B9FF-68CBD2CD9E28} = {24D854B3-AE8E-4F2E-990A-F9F8D0A98382}
		{C6730F55-74BE-457A-960A-5DCA7C4F13AC} = {24D854B3-AE8E-4F2E-990A-F9F8D0A98382}
		{103DC726-0D40-477A-ABA3-ED1E38F7FED9} = {294F890A-B639-4E28-BC47-36CC81BFAC7F}
		{B4C8BE64-B061-42AD-867E-6A5344DC4E8C} = {294F890A-B639-4E28-BC47-36CC81BFAC7F}
	EndGlobalSection
EndGlobal
